
Microsoft Visual Studio Solution File, Format Version 12.00
# Visual Studio Version 17
VisualStudioVersion = 17.2.32616.157
MinimumVisualStudioVersion = 10.0.40219.1
Project("{FAE04EC0-301F-11D3-BF4B-00C04F79EFBC}") = "AulasPOO", "AulasPOO.csproj", "{30DF83E0-2FA1-4AB6-8997-B5100EE06716}"
EndProject
Global
	GlobalSection(SolutionConfigurationPlatforms) = preSolution
		Debug|Any CPU = Debug|Any CPU
		Release|Any CPU = Release|Any CPU
	EndGlobalSection
	GlobalSection(ProjectConfigurationPlatforms) = postSolution
		{30DF83E0-2FA1-4AB6-8997-B5100EE06716}.Debug|Any CPU.ActiveCfg = Debug|Any CPU
		{30DF83E0-2FA1-4AB6-8997-B5100EE06716}.Debug|Any CPU.Build.0 = Debug|Any CPU
		{30DF83E0-2FA1-4AB6-8997-B5100EE06716}.Release|Any CPU.ActiveCfg = Release|Any CPU
		{30DF83E0-2FA1-4AB6-8997-B5100EE06716}.Release|Any CPU.Build.0 = Release|Any CPU
	EndGlobalSection
	GlobalSection(SolutionProperties) = preSolution
		HideSolutionNode = FALSE
	EndGlobalSection
	GlobalSection(ExtensibilityGlobals) = postSolution
		SolutionGuid = {277B0D79-E376-411A-81B1-36ECF5E87D08}
	EndGlobalSection
EndGlobal
